
Microsoft Visual Studio Solution File, Format Version 12.00
# Visual Studio Version 16
VisualStudioVersion = 16.0.29519.87
MinimumVisualStudioVersion = 10.0.40219.1
Project("{FAE04EC0-301F-11D3-BF4B-00C04F79EFBC}") = "BeeSafe", "BeeSafe\BeeSafe.csproj", "{1F2D690D-0182-4C70-AF1C-95319164E358}"
EndProject
Global
	GlobalSection(SolutionConfigurationPlatforms) = preSolution
		Debug|Any CPU = Debug|Any CPU
		Release|Any CPU = Release|Any CPU
	EndGlobalSection
	GlobalSection(ProjectConfigurationPlatforms) = postSolution
		{1F2D690D-0182-4C70-AF1C-95319164E358}.Debug|Any CPU.ActiveCfg = Debug|Any CPU
		{1F2D690D-0182-4C70-AF1C-95319164E358}.Debug|Any CPU.Build.0 = Debug|Any CPU
		{1F2D690D-0182-4C70-AF1C-95319164E358}.Release|Any CPU.ActiveCfg = Release|Any CPU
		{1F2D690D-0182-4C70-AF1C-95319164E358}.Release|Any CPU.Build.0 = Release|Any CPU
	EndGlobalSection
	GlobalSection(SolutionProperties) = preSolution
		HideSolutionNode = FALSE
	EndGlobalSection
	GlobalSection(ExtensibilityGlobals) = postSolution
		SolutionGuid = {D1F8FAD8-D000-4812-B1CA-78A1D8527379}
	EndGlobalSection
EndGlobal
